
Microsoft Visual Studio Solution File, Format Version 12.00
# Visual Studio 2012
Project("{FAE04EC0-301F-11D3-BF4B-00C04F79EFBC}") = "SkypeBot", "SkypeBot\SkypeBot.csproj", "{BA01056F-CE4F-431F-91DC-A685BB15CF8F}"
EndProject
Project("{FAE04EC0-301F-11D3-BF4B-00C04F79EFBC}") = "Client", "Client\Client.csproj", "{3D444C77-73D8-4481-B568-B9721C5CC3A1}"
EndProject
Project("{FAE04EC0-301F-11D3-BF4B-00C04F79EFBC}") = "Server", "Server\Server.csproj", "{A35E8E62-FEF3-4405-854D-2D48316AFB9B}"
EndProject
Project("{00D1A9C2-B5F0-4AF3-8072-F6C62B433612}") = "DatabaseTest", "DatabaseTest\DatabaseTest.sqlproj", "{BBB185DB-AD4E-4F46-916B-B4B3BA8BC8EC}"
EndProject
Global
	GlobalSection(SolutionConfigurationPlatforms) = preSolution
		Debug|Any CPU = Debug|Any CPU
		Release|Any CPU = Release|Any CPU
	EndGlobalSection
	GlobalSection(ProjectConfigurationPlatforms) = postSolution
		{BA01056F-CE4F-431F-91DC-A685BB15CF8F}.Debug|Any CPU.ActiveCfg = Debug|Any CPU
		{BA01056F-CE4F-431F-91DC-A685BB15CF8F}.Debug|Any CPU.Build.0 = Debug|Any CPU
		{BA01056F-CE4F-431F-91DC-A685BB15CF8F}.Release|Any CPU.ActiveCfg = Release|Any CPU
		{BA01056F-CE4F-431F-91DC-A685BB15CF8F}.Release|Any CPU.Build.0 = Release|Any CPU
		{3D444C77-73D8-4481-B568-B9721C5CC3A1}.Debug|Any CPU.ActiveCfg = Debug|Any CPU
		{3D444C77-73D8-4481-B568-B9721C5CC3A1}.Debug|Any CPU.Build.0 = Debug|Any CPU
		{3D444C77-73D8-4481-B568-B9721C5CC3A1}.Release|Any CPU.ActiveCfg = Release|Any CPU
		{3D444C77-73D8-4481-B568-B9721C5CC3A1}.Release|Any CPU.Build.0 = Release|Any CPU
		{A35E8E62-FEF3-4405-854D-2D48316AFB9B}.Debug|Any CPU.ActiveCfg = Debug|Any CPU
		{A35E8E62-FEF3-4405-854D-2D48316AFB9B}.Debug|Any CPU.Build.0 = Debug|Any CPU
		{A35E8E62-FEF3-4405-854D-2D48316AFB9B}.Release|Any CPU.ActiveCfg = Release|Any CPU
		{A35E8E62-FEF3-4405-854D-2D48316AFB9B}.Release|Any CPU.Build.0 = Release|Any CPU
		{BBB185DB-AD4E-4F46-916B-B4B3BA8BC8EC}.Debug|Any CPU.ActiveCfg = Debug|Any CPU
		{BBB185DB-AD4E-4F46-916B-B4B3BA8BC8EC}.Debug|Any CPU.Build.0 = Debug|Any CPU
		{BBB185DB-AD4E-4F46-916B-B4B3BA8BC8EC}.Debug|Any CPU.Deploy.0 = Debug|Any CPU
		{BBB185DB-AD4E-4F46-916B-B4B3BA8BC8EC}.Release|Any CPU.ActiveCfg = Release|Any CPU
		{BBB185DB-AD4E-4F46-916B-B4B3BA8BC8EC}.Release|Any CPU.Build.0 = Release|Any CPU
		{BBB185DB-AD4E-4F46-916B-B4B3BA8BC8EC}.Release|Any CPU.Deploy.0 = Release|Any CPU
	EndGlobalSection
	GlobalSection(SolutionProperties) = preSolution
		HideSolutionNode = FALSE
	EndGlobalSection
EndGlobal
